github.com/mfreeman451/dd-chatgpt-dm v0.0.0-20230711042952-7bc9bd633dce h1:O7CBmh2d8QWZ1WnYVOxXOoH+j6cuq2NKL63ewG5GJLw=
github.com/mfreeman451/dd-chatgpt-dm v0.0.0-20230711042952-7bc9bd633dce/go.mod h1:VX3Nntt4DHtlRU4a3Gte3N4fkaZxTCUUjxUpjgHfCbM=
github.com/mfreeman451/dd-chatgpt-dm v0.0.0-20230711045529-a9f4b4665755 h1:KxzdGImn6pjKCs8vt/x4tF94CibfpnrUh5SepPbjrig=
github.com/mfreeman451/dd-chatgpt-dm v0.0.0-20230711045529-a9f4b4665755/go.mod h1:VX3Nntt4DHtlRU4a3Gte3N4fkaZxTCUUjxUpjgHfCbM=
